# THIS IS AN AUTOGENERATED FILE. DO NOT EDIT THIS FILE DIRECTLY.
# yarn lockfile v1


"@types/node@^13.7.4":
  version "13.7.4"
  resolved "https://registry.yarnpkg.com/@types/node/-/node-13.7.4.tgz#76c3cb3a12909510f52e5dc04a6298cdf9504ffd"
  integrity sha512-oVeL12C6gQS/GAExndigSaLxTrKpQPxewx9bOcwfvJiJge4rr7wNaph4J+ns5hrmIV2as5qxqN8YKthn9qh0jw==

dotenv-override@^5.0.1:
  version "5.0.1"
  resolved "https://registry.yarnpkg.com/dotenv-override/-/dotenv-override-5.0.1.tgz#e431bc0f0325759028974845b74bedb51390b9d1"
  integrity sha512-LyvcddQIaEByl3MMOuFBT7u3j5s8EQq7llIyL788ghuKPSDYWd5OQoOJ8+uL2QgYupQ6t976P8k6mubM0l9mHg==

dotenv@^8.2.0:
  version "8.2.0"
  resolved "https://registry.yarnpkg.com/dotenv/-/dotenv-8.2.0.tgz#97e619259ada750eea3e4ea3e26bceea5424b16a"
  integrity sha512-8sJ78ElpbDJBHNeBzUbUVLsqKdccaa/BXF1uPTw3GrvQTBgrQrtObr2mUrE38vzYd8cEv+m/JBfDLioYcfXoaw==
